
Microsoft Visual Studio Solution File, Format Version 12.00
# Visual Studio Version 17
VisualStudioVersion = 17.10.35122.118
MinimumVisualStudioVersion = 10.0.40219.1
Project("{FAE04EC0-301F-11D3-BF4B-00C04F79EFBC}") = "FIx-Up", "FIx-Up\FIx-Up.csproj", "{DBF84F39-7A60-4220-8C30-343CBF553717}"
EndProject
Global
	GlobalSection(SolutionConfigurationPlatforms) = preSolution
		Debug|Any CPU = Debug|Any CPU
		Release|Any CPU = Release|Any CPU
	EndGlobalSection
	GlobalSection(ProjectConfigurationPlatforms) = postSolution
		{DBF84F39-7A60-4220-8C30-343CBF553717}.Debug|Any CPU.ActiveCfg = Debug|Any CPU
		{DBF84F39-7A60-4220-8C30-343CBF553717}.Debug|Any CPU.Build.0 = Debug|Any CPU
		{DBF84F39-7A60-4220-8C30-343CBF553717}.Release|Any CPU.ActiveCfg = Release|Any CPU
		{DBF84F39-7A60-4220-8C30-343CBF553717}.Release|Any CPU.Build.0 = Release|Any CPU
	EndGlobalSection
	GlobalSection(SolutionProperties) = preSolution
		HideSolutionNode = FALSE
	EndGlobalSection
	GlobalSection(ExtensibilityGlobals) = postSolution
		SolutionGuid = {62A84EEA-2A26-4B8A-943D-C2DB83800196}
	EndGlobalSection
EndGlobal
